// !$*UTF8*$!
{
	archiveVersion = 1;
	classes = {
	};
	objectVersion = 46;
	objects = {
/* Begin PBXBuildFile section */
		1D3623260D0F684500981E51 /* AppDelegate.m in Sources */ = {isa = PBXBuildFile; fileRef = 1D3623250D0F684500981E51 /* AppDelegate.m */; };
		1D60589B0D05DD56006BFB54 /* main.m in Sources */ = {isa = PBXBuildFile; fileRef = 29B97316FDCFA39411CA2CEA /* main.m */; };
		288765FD0DF74451002DB57D /* CoreGraphics.framework in Frameworks */ = {isa = PBXBuildFile; fileRef = 288765FC0DF74451002DB57D /* CoreGraphics.framework */; };
		301BF552109A68D80062928A /* libCordova.a in Frameworks */ = {isa = PBXBuildFile; fileRef = 301BF535109A57CC0062928A /* libCordova.a */; };
		302D95F114D2391D003F00A1 /* MainViewController.m in Sources */ = {isa = PBXBuildFile; fileRef = 302D95EF14D2391D003F00A1 /* MainViewController.m */; };
		302D95F214D2391D003F00A1 /* MainViewController.xib in Resources */ = {isa = PBXBuildFile; fileRef = 302D95F014D2391D003F00A1 /* MainViewController.xib */; };
		305D5FD1115AB8F900A74A75 /* MobileCoreServices.framework in Frameworks */ = {isa = PBXBuildFile; fileRef = 305D5FD0115AB8F900A74A75 /* MobileCoreServices.framework */; };
		3088BBBD154F3926009F9C59 /* Default-Landscape@2x~ipad.png in Resources */ = {isa = PBXBuildFile; fileRef = 3088BBB7154F3926009F9C59 /* Default-Landscape@2x~ipad.png */; };
		3088BBBE154F3926009F9C59 /* Default-Landscape~ipad.png in Resources */ = {isa = PBXBuildFile; fileRef = 3088BBB8154F3926009F9C59 /* Default-Landscape~ipad.png */; };
		3088BBBF154F3926009F9C59 /* Default-Portrait@2x~ipad.png in Resources */ = {isa = PBXBuildFile; fileRef = 3088BBB9154F3926009F9C59 /* Default-Portrait@2x~ipad.png */; };
		3088BBC0154F3926009F9C59 /* Default-Portrait~ipad.png in Resources */ = {isa = PBXBuildFile; fileRef = 3088BBBA154F3926009F9C59 /* Default-Portrait~ipad.png */; };
		3088BBC1154F3926009F9C59 /* Default@2x~iphone.png in Resources */ = {isa = PBXBuildFile; fileRef = 3088BBBB154F3926009F9C59 /* Default@2x~iphone.png */; };
		3088BBC2154F3926009F9C59 /* Default~iphone.png in Resources */ = {isa = PBXBuildFile; fileRef = 3088BBBC154F3926009F9C59 /* Default~iphone.png */; };
		308D05371370CCF300D202BF /* icon-72.png in Resources */ = {isa = PBXBuildFile; fileRef = 308D052E1370CCF300D202BF /* icon-72.png */; };
		308D05381370CCF300D202BF /* icon.png in Resources */ = {isa = PBXBuildFile; fileRef = 308D052F1370CCF300D202BF /* icon.png */; };
		308D05391370CCF300D202BF /* icon@2x.png in Resources */ = {isa = PBXBuildFile; fileRef = 308D05301370CCF300D202BF /* icon@2x.png */; };
		30B4F30019D5E07200D9F7D8 /* Default-667h.png in Resources */ = {isa = PBXBuildFile; fileRef = 30B4F2FD19D5E07200D9F7D8 /* Default-667h.png */; };
		30B4F30119D5E07200D9F7D8 /* Default-736h.png in Resources */ = {isa = PBXBuildFile; fileRef = 30B4F2FE19D5E07200D9F7D8 /* Default-736h.png */; };
		30B4F30219D5E07200D9F7D8 /* Default-Landscape-736h.png in Resources */ = {isa = PBXBuildFile; fileRef = 30B4F2FF19D5E07200D9F7D8 /* Default-Landscape-736h.png */; };
		30C1856619D5FC0A00212699 /* icon-60@3x.png in Resources */ = {isa = PBXBuildFile; fileRef = 30C1856519D5FC0A00212699 /* icon-60@3x.png */; };
		30FC414916E50CA1004E6F35 /* icon-72@2x.png in Resources */ = {isa = PBXBuildFile; fileRef = 30FC414816E50CA1004E6F35 /* icon-72@2x.png */; };
		5B1594DD16A7569C00FEF299 /* AssetsLibrary.framework in Frameworks */ = {isa = PBXBuildFile; fileRef = 5B1594DC16A7569C00FEF299 /* AssetsLibrary.framework */; };
		7E7966DE1810823500FA85AD /* icon-40.png in Resources */ = {isa = PBXBuildFile; fileRef = 7E7966D41810823500FA85AD /* icon-40.png */; };
		7E7966DF1810823500FA85AD /* icon-40@2x.png in Resources */ = {isa = PBXBuildFile; fileRef = 7E7966D51810823500FA85AD /* icon-40@2x.png */; };
		7E7966E01810823500FA85AD /* icon-50.png in Resources */ = {isa = PBXBuildFile; fileRef = 7E7966D61810823500FA85AD /* icon-50.png */; };
		7E7966E11810823500FA85AD /* icon-50@2x.png in Resources */ = {isa = PBXBuildFile; fileRef = 7E7966D71810823500FA85AD /* icon-50@2x.png */; };
		7E7966E21810823500FA85AD /* icon-60.png in Resources */ = {isa = PBXBuildFile; fileRef = 7E7966D81810823500FA85AD /* icon-60.png */; };
		7E7966E31810823500FA85AD /* icon-60@2x.png in Resources */ = {isa = PBXBuildFile; fileRef = 7E7966D91810823500FA85AD /* icon-60@2x.png */; };
		7E7966E41810823500FA85AD /* icon-76.png in Resources */ = {isa = PBXBuildFile; fileRef = 7E7966DA1810823500FA85AD /* icon-76.png */; };
		7E7966E51810823500FA85AD /* icon-76@2x.png in Resources */ = {isa = PBXBuildFile; fileRef = 7E7966DB1810823500FA85AD /* icon-76@2x.png */; };
		7E7966E61810823500FA85AD /* icon-small.png in Resources */ = {isa = PBXBuildFile; fileRef = 7E7966DC1810823500FA85AD /* icon-small.png */; };
		7E7966E71810823500FA85AD /* icon-small@2x.png in Resources */ = {isa = PBXBuildFile; fileRef = 7E7966DD1810823500FA85AD /* icon-small@2x.png */; };
		D4A0D8761607E02300AEF8BB /* Default-568h@2x~iphone.png in Resources */ = {isa = PBXBuildFile; fileRef = D4A0D8751607E02300AEF8BB /* Default-568h@2x~iphone.png */; };
		2CCEEB2CA97447EBA19090CA /* CDVGoogleAnalytics.m in Sources */ = {isa = PBXBuildFile; fileRef = 391B0C9E78DB4903AB6FFA6F /* CDVGoogleAnalytics.m */; };
		E398F0C2D4AB42028B79C620 /* libGoogleAnalyticsServices.a in Frameworks */ = {isa = PBXBuildFile; fileRef = F71049BDD17E4CEE86D53ACD /* libGoogleAnalyticsServices.a */; };
		B018BA81BAC542519F8AC404 /* SystemConfiguration.framework in Frameworks */ = {isa = PBXBuildFile; fileRef = A244D9FBC16449B89D4CB0FD /* SystemConfiguration.framework */; };
		AC477F27D3C44407804DB6DF /* CoreData.framework in Frameworks */ = {isa = PBXBuildFile; fileRef = 51367AFC6E9E4C4CBF74EA7D /* CoreData.framework */; };
		70F264DAF2FC48A0A618255B /* libz.dylib in Frameworks */ = {isa = PBXBuildFile; fileRef = AD5BE37ACD374D6589923AAD /* libz.dylib */; };
		7673D04D8B1846138EE48955 /* libsqlite3.0.dylib in Frameworks */ = {isa = PBXBuildFile; fileRef = A73891469FE84ED386A704F4 /* libsqlite3.0.dylib */; };
		EF9379E785B84D9A92ABC430 /* UIImage+CropScaleOrientation.m in Sources */ = {isa = PBXBuildFile; fileRef = 295CA20F661D413FB8D76EAA /* UIImage+CropScaleOrientation.m */; };
		40846B27E70D4FD48FDB827B /* CDVCamera.m in Sources */ = {isa = PBXBuildFile; fileRef = 3E3EA2C5892649D0A0D04AC3 /* CDVCamera.m */; };
		FD1667EF182C41678D46DE3D /* CDVJpegHeaderWriter.m in Sources */ = {isa = PBXBuildFile; fileRef = 833E146E903C4B75914E5CC0 /* CDVJpegHeaderWriter.m */; };
		9EA8B4567C814EEC832C3E14 /* ImageIO.framework in Frameworks */ = {isa = PBXBuildFile; fileRef = 82483853D05B4BC080C1E9D9 /* ImageIO.framework */; settings = {ATTRIBUTES = (Weak, ); }; };
		69C5902A83FF4CBD874BA589 /* CoreLocation.framework in Frameworks */ = {isa = PBXBuildFile; fileRef = B57BD8CF70E1426B9A009BA8 /* CoreLocation.framework */; };
		1D9FFBA6CC78465EA3729DF4 /* AVFoundation.framework in Frameworks */ = {isa = PBXBuildFile; fileRef = 3ADB1BBA0692434288B29110 /* AVFoundation.framework */; };
		A157076AACBB465DAC594249 /* CDVDevice.m in Sources */ = {isa = PBXBuildFile; fileRef = 2348A7D8D0204BC2912A6709 /* CDVDevice.m */; };
		7DF9470EC9D24B1C92EAD53B /* CDVNotification.m in Sources */ = {isa = PBXBuildFile; fileRef = B57DE0F938FB4F3097070EB4 /* CDVNotification.m */; };
		8B6A0680C62345AE950E772E /* CDVNotification.bundle in Resources */ = {isa = PBXBuildFile; fileRef = 4B51E6112D614053A3CEB60D /* CDVNotification.bundle */; };
		09B0E0D70C354B7BB2B14445 /* AudioToolbox.framework in Frameworks */ = {isa = PBXBuildFile; fileRef = 1E39605C98AD4C629F4F152D /* AudioToolbox.framework */; settings = {ATTRIBUTES = (Weak, ); }; };
		977E4C2F26414BDA9B82D2F0 /* CDVFile.m in Sources */ = {isa = PBXBuildFile; fileRef = 5D4665A23BD448A6A67862BA /* CDVFile.m */; };
		295CC7B32F494AD082A704DC /* CDVLocalFilesystem.m in Sources */ = {isa = PBXBuildFile; fileRef = 15B5B6DD16FA4A1E8D6C1207 /* CDVLocalFilesystem.m */; };
		6199A89B352F49BE92D2A9AE /* CDVAssetLibraryFilesystem.m in Sources */ = {isa = PBXBuildFile; fileRef = 0A4E41BAA17843ABAC8F2087 /* CDVAssetLibraryFilesystem.m */; };
		754F0C8CD56A413D956CB3B8 /* CDVFileTransfer.m in Sources */ = {isa = PBXBuildFile; fileRef = 36005EAED1E5423C93308F47 /* CDVFileTransfer.m */; };
		C5C8BA2B63EA4632B36B53FE /* CDVLocation.m in Sources */ = {isa = PBXBuildFile; fileRef = B1467059C8F5429187ED3B42 /* CDVLocation.m */; };
		D39D9E599D834FB2B38B57D8 /* CDVGlobalization.m in Sources */ = {isa = PBXBuildFile; fileRef = 6D8EF39288C949E9A19D5F80 /* CDVGlobalization.m */; };
		3DCBAAFFC7694EA48CFA2845 /* CDVInAppBrowser.m in Sources */ = {isa = PBXBuildFile; fileRef = 328DD98450884F3EBC1F8363 /* CDVInAppBrowser.m */; };
		640BD2A42E40487E9649BDBC /* CDVSound.m in Sources */ = {isa = PBXBuildFile; fileRef = 2D3EE448B89945978B46B368 /* CDVSound.m */; };
		02AA5A93F09E498E973BF5D3 /* CDVConnection.m in Sources */ = {isa = PBXBuildFile; fileRef = D504A8A0584343569478FE86 /* CDVConnection.m */; };
		05D617AF782F41CA93911F06 /* CDVReachability.m in Sources */ = {isa = PBXBuildFile; fileRef = 7E895B0510764A77B6E82C2D /* CDVReachability.m */; };
		4227F962F59645D287D8D254 /* CoreTelephony.framework in Frameworks */ = {isa = PBXBuildFile; fileRef = EE0858C1949B44208A80EAC3 /* CoreTelephony.framework */; };
		2DE8AC1A636D4C90A72A8FA9 /* CDVSplashScreen.m in Sources */ = {isa = PBXBuildFile; fileRef = 9AAC861C23524CF8BF144A1F /* CDVSplashScreen.m */; };
		0FECFB9D3DD94E618F52D1DA /* CDVViewController+SplashScreen.m in Sources */ = {isa = PBXBuildFile; fileRef = 040F59F4F2B648ACA43301AC /* CDVViewController+SplashScreen.m */; };
		A13875F6C99340E4A0E0907C /* CDVVibration.m in Sources */ = {isa = PBXBuildFile; fileRef = 6CA9903D2AE44774A6FD1EED /* CDVVibration.m */; };
		B2B87076F4224BC0A600ACAA /* OneSignal.m in Sources */ = {isa = PBXBuildFile; fileRef = 4079596F5B6A47A0BFC9C52A /* OneSignal.m */; };
		A6C7F5C34EFF4683AC7D281F /* OneSignalHTTPClient.m in Sources */ = {isa = PBXBuildFile; fileRef = 4061FAF7BBC74991BFA13E63 /* OneSignalHTTPClient.m */; };
		55C6366D93B54CFEA42AC8EA /* OneSignalTrackIAP.m in Sources */ = {isa = PBXBuildFile; fileRef = 65A3B5C531614C6ABF476577 /* OneSignalTrackIAP.m */; };
		B73B6B4C0128403697A59A63 /* OneSignalJailbreakDetection.m in Sources */ = {isa = PBXBuildFile; fileRef = 5D6F42AE20854CE5B37ACE9F /* OneSignalJailbreakDetection.m */; };
		E684D1FF52F745CEBC343F3A /* OneSignalPush.m in Sources */ = {isa = PBXBuildFile; fileRef = 2B93EB7A33F2468AA035A12E /* OneSignalPush.m */; };
		C067709BA82D44E392F58C06 /* OneSignalReachability.m in Sources */ = {isa = PBXBuildFile; fileRef = 27D99CE7C7B24AC09B5C09DC /* OneSignalReachability.m */; };
		54B68B5D226540109F187D2B /* OneSignalMobileProvision.m in Sources */ = {isa = PBXBuildFile; fileRef = 325A84F72F8D43E6B868E3DB /* OneSignalMobileProvision.m */; };
		E40B216FFC264AF78DC3B360 /* OneSignalLocation.m in Sources */ = {isa = PBXBuildFile; fileRef = 260DDD1402154E6E98D5FA2B /* OneSignalLocation.m */; };
/* End PBXBuildFile section */

/* Begin PBXContainerItemProxy section */
		301BF534109A57CC0062928A /* PBXContainerItemProxy */ = {
			isa = PBXContainerItemProxy;
			containerPortal = 301BF52D109A57CC0062928A /* CordovaLib.xcodeproj */;
			proxyType = 2;
			remoteGlobalIDString = D2AAC07E0554694100DB518D;
			remoteInfo = CordovaLib;
		};
		301BF550109A68C00062928A /* PBXContainerItemProxy */ = {
			isa = PBXContainerItemProxy;
			containerPortal = 301BF52D109A57CC0062928A /* CordovaLib.xcodeproj */;
			proxyType = 1;
			remoteGlobalIDString = D2AAC07D0554694100DB518D;
			remoteInfo = CordovaLib;
		};
/* End PBXContainerItemProxy section */

/* Begin PBXFileReference section */
		1D3623240D0F684500981E51 /* AppDelegate.h */ = {isa = PBXFileReference; fileEncoding = 4; lastKnownFileType = sourcecode.c.h; path = AppDelegate.h; sourceTree = "<group>"; };
		1D3623250D0F684500981E51 /* AppDelegate.m */ = {isa = PBXFileReference; fileEncoding = 4; lastKnownFileType = sourcecode.c.objc; path = AppDelegate.m; sourceTree = "<group>"; };
		1D6058910D05DD3D006BFB54 /* WtDesk.app */ = {isa = PBXFileReference; explicitFileType = wrapper.application; includeInIndex = 0; path = "WtDesk.app"; sourceTree = BUILT_PRODUCTS_DIR; };
		1F766FDD13BBADB100FB74C0 /* en */ = {isa = PBXFileReference; lastKnownFileType = text.plist.strings; name = en; path = Localizable.strings; sourceTree = "<group>"; };
		1F766FE013BBADB100FB74C0 /* es */ = {isa = PBXFileReference; lastKnownFileType = text.plist.strings; name = es; path = Localizable.strings; sourceTree = "<group>"; };
		288765FC0DF74451002DB57D /* CoreGraphics.framework */ = {isa = PBXFileReference; lastKnownFileType = wrapper.framework; name = CoreGraphics.framework; path = System/Library/Frameworks/CoreGraphics.framework; sourceTree = SDKROOT; };
		29B97316FDCFA39411CA2CEA /* main.m */ = {isa = PBXFileReference; fileEncoding = 4; lastKnownFileType = sourcecode.c.objc; path = main.m; sourceTree = "<group>"; };
		301BF52D109A57CC0062928A /* CordovaLib.xcodeproj */ = {isa = PBXFileReference; lastKnownFileType = "wrapper.pb-project"; name = CordovaLib.xcodeproj; path = CordovaLib/CordovaLib.xcodeproj; sourceTree = "<group>"; };
		301BF56E109A69640062928A /* www */ = {isa = PBXFileReference; lastKnownFileType = folder; path = www; sourceTree = SOURCE_ROOT; };
		302D95EE14D2391D003F00A1 /* MainViewController.h */ = {isa = PBXFileReference; fileEncoding = 4; lastKnownFileType = sourcecode.c.h; path = MainViewController.h; sourceTree = "<group>"; };
		302D95EF14D2391D003F00A1 /* MainViewController.m */ = {isa = PBXFileReference; fileEncoding = 4; lastKnownFileType = sourcecode.c.objc; path = MainViewController.m; sourceTree = "<group>"; };
		302D95F014D2391D003F00A1 /* MainViewController.xib */ = {isa = PBXFileReference; fileEncoding = 4; lastKnownFileType = file.xib; path = MainViewController.xib; sourceTree = "<group>"; };
		305D5FD0115AB8F900A74A75 /* MobileCoreServices.framework */ = {isa = PBXFileReference; lastKnownFileType = wrapper.framework; name = MobileCoreServices.framework; path = System/Library/Frameworks/MobileCoreServices.framework; sourceTree = SDKROOT; };
		3088BBB7154F3926009F9C59 /* Default-Landscape@2x~ipad.png */ = {isa = PBXFileReference; lastKnownFileType = image.png; path = "Default-Landscape@2x~ipad.png"; sourceTree = "<group>"; };
		3088BBB8154F3926009F9C59 /* Default-Landscape~ipad.png */ = {isa = PBXFileReference; lastKnownFileType = image.png; path = "Default-Landscape~ipad.png"; sourceTree = "<group>"; };
		3088BBB9154F3926009F9C59 /* Default-Portrait@2x~ipad.png */ = {isa = PBXFileReference; lastKnownFileType = image.png; path = "Default-Portrait@2x~ipad.png"; sourceTree = "<group>"; };
		3088BBBA154F3926009F9C59 /* Default-Portrait~ipad.png */ = {isa = PBXFileReference; lastKnownFileType = image.png; path = "Default-Portrait~ipad.png"; sourceTree = "<group>"; };
		3088BBBB154F3926009F9C59 /* Default@2x~iphone.png */ = {isa = PBXFileReference; lastKnownFileType = image.png; path = "Default@2x~iphone.png"; sourceTree = "<group>"; };
		3088BBBC154F3926009F9C59 /* Default~iphone.png */ = {isa = PBXFileReference; lastKnownFileType = image.png; path = "Default~iphone.png"; sourceTree = "<group>"; };
		308D052E1370CCF300D202BF /* icon-72.png */ = {isa = PBXFileReference; lastKnownFileType = image.png; path = "icon-72.png"; sourceTree = "<group>"; };
		308D052F1370CCF300D202BF /* icon.png */ = {isa = PBXFileReference; lastKnownFileType = image.png; path = icon.png; sourceTree = "<group>"; };
		308D05301370CCF300D202BF /* icon@2x.png */ = {isa = PBXFileReference; lastKnownFileType = image.png; path = "icon@2x.png"; sourceTree = "<group>"; };
		30B4F2FD19D5E07200D9F7D8 /* Default-667h.png */ = {isa = PBXFileReference; lastKnownFileType = image.png; path = "Default-667h.png"; sourceTree = "<group>"; };
		30B4F2FE19D5E07200D9F7D8 /* Default-736h.png */ = {isa = PBXFileReference; lastKnownFileType = image.png; path = "Default-736h.png"; sourceTree = "<group>"; };
		30B4F2FF19D5E07200D9F7D8 /* Default-Landscape-736h.png */ = {isa = PBXFileReference; lastKnownFileType = image.png; path = "Default-Landscape-736h.png"; sourceTree = "<group>"; };
		30C1856519D5FC0A00212699 /* icon-60@3x.png */ = {isa = PBXFileReference; lastKnownFileType = image.png; path = "icon-60@3x.png"; sourceTree = "<group>"; };
		30FC414816E50CA1004E6F35 /* icon-72@2x.png */ = {isa = PBXFileReference; lastKnownFileType = image.png; path = "icon-72@2x.png"; sourceTree = "<group>"; };
		32CA4F630368D1EE00C91783 /* WtDesk-Prefix.pch */ = {isa = PBXFileReference; fileEncoding = 4; lastKnownFileType = sourcecode.c.h; path = "WtDesk-Prefix.pch"; sourceTree = "<group>"; };
		5B1594DC16A7569C00FEF299 /* AssetsLibrary.framework */ = {isa = PBXFileReference; lastKnownFileType = wrapper.framework; name = AssetsLibrary.framework; path = System/Library/Frameworks/AssetsLibrary.framework; sourceTree = SDKROOT; };
		7E7966D41810823500FA85AD /* icon-40.png */ = {isa = PBXFileReference; lastKnownFileType = image.png; path = "icon-40.png"; sourceTree = "<group>"; };
		7E7966D51810823500FA85AD /* icon-40@2x.png */ = {isa = PBXFileReference; lastKnownFileType = image.png; path = "icon-40@2x.png"; sourceTree = "<group>"; };
		7E7966D61810823500FA85AD /* icon-50.png */ = {isa = PBXFileReference; lastKnownFileType = image.png; path = "icon-50.png"; sourceTree = "<group>"; };
		7E7966D71810823500FA85AD /* icon-50@2x.png */ = {isa = PBXFileReference; lastKnownFileType = image.png; path = "icon-50@2x.png"; sourceTree = "<group>"; };
		7E7966D81810823500FA85AD /* icon-60.png */ = {isa = PBXFileReference; lastKnownFileType = image.png; path = "icon-60.png"; sourceTree = "<group>"; };
		7E7966D91810823500FA85AD /* icon-60@2x.png */ = {isa = PBXFileReference; lastKnownFileType = image.png; path = "icon-60@2x.png"; sourceTree = "<group>"; };
		7E7966DA1810823500FA85AD /* icon-76.png */ = {isa = PBXFileReference; lastKnownFileType = image.png; path = "icon-76.png"; sourceTree = "<group>"; };
		7E7966DB1810823500FA85AD /* icon-76@2x.png */ = {isa = PBXFileReference; lastKnownFileType = image.png; path = "icon-76@2x.png"; sourceTree = "<group>"; };
		7E7966DC1810823500FA85AD /* icon-small.png */ = {isa = PBXFileReference; lastKnownFileType = image.png; path = "icon-small.png"; sourceTree = "<group>"; };
		7E7966DD1810823500FA85AD /* icon-small@2x.png */ = {isa = PBXFileReference; lastKnownFileType = image.png; path = "icon-small@2x.png"; sourceTree = "<group>"; };
		8D1107310486CEB800E47090 /* WtDesk-Info.plist */ = {isa = PBXFileReference; fileEncoding = 4; lastKnownFileType = text.plist.xml; name = "WtDesk-Info.plist"; path = "../WtDesk-Info.plist"; plistStructureDefinitionIdentifier = "com.apple.xcode.plist.structure-definition.iphone.info-plist"; sourceTree = "<group>"; };
		D4A0D8751607E02300AEF8BB /* Default-568h@2x~iphone.png */ = {isa = PBXFileReference; lastKnownFileType = image.png; path = "Default-568h@2x~iphone.png"; sourceTree = "<group>"; };
		EB87FDF21871DA7A0020F90C /* merges */ = {isa = PBXFileReference; lastKnownFileType = folder; name = merges; path = ../../merges; sourceTree = "<group>"; };
		EB87FDF31871DA8E0020F90C /* www */ = {isa = PBXFileReference; lastKnownFileType = folder; name = www; path = ../../www; sourceTree = "<group>"; };
		EB87FDF41871DAF40020F90C /* config.xml */ = {isa = PBXFileReference; lastKnownFileType = text.xml; name = config.xml; path = ../../config.xml; sourceTree = "<group>"; };
		F840E1F0165FE0F500CFE078 /* config.xml */ = {isa = PBXFileReference; lastKnownFileType = text.xml; name = config.xml; path = "WtDesk/config.xml"; sourceTree = "<group>"; };
		391B0C9E78DB4903AB6FFA6F /* CDVGoogleAnalytics.m */ = {isa = PBXFileReference; lastKnownFileType = sourcecode.c.objc; name = "CDVGoogleAnalytics.m"; path = "cordova-plugin-analytics/CDVGoogleAnalytics.m"; sourceTree = "<group>"; fileEncoding = 4; };
		F71049BDD17E4CEE86D53ACD /* libGoogleAnalyticsServices.a */ = {isa = PBXFileReference; lastKnownFileType = archive.ar; name = "libGoogleAnalyticsServices.a"; path = "WtDesk/Plugins/cordova-plugin-analytics/libGoogleAnalyticsServices.a"; sourceTree = "<group>"; fileEncoding = 4; };
		C11E8BF025D142E79843C5D2 /* CDVGoogleAnalytics.h */ = {isa = PBXFileReference; lastKnownFileType = sourcecode.c.h; name = "CDVGoogleAnalytics.h"; path = "cordova-plugin-analytics/CDVGoogleAnalytics.h"; sourceTree = "<group>"; fileEncoding = 4; };
		8780E2D1F43A4E88A982E969 /* GAI.h */ = {isa = PBXFileReference; lastKnownFileType = sourcecode.c.h; name = "GAI.h"; path = "cordova-plugin-analytics/GAI.h"; sourceTree = "<group>"; fileEncoding = 4; };
		3EDD120F25AD462397546CAD /* GAIDictionaryBuilder.h */ = {isa = PBXFileReference; lastKnownFileType = sourcecode.c.h; name = "GAIDictionaryBuilder.h"; path = "cordova-plugin-analytics/GAIDictionaryBuilder.h"; sourceTree = "<group>"; fileEncoding = 4; };
		9A543D23B5B048DE9AD07A44 /* GAIEcommerceFields.h */ = {isa = PBXFileReference; lastKnownFileType = sourcecode.c.h; name = "GAIEcommerceFields.h"; path = "cordova-plugin-analytics/GAIEcommerceFields.h"; sourceTree = "<group>"; fileEncoding = 4; };
		B4CFB23EC5B840EA8E9CBC46 /* GAIEcommerceProduct.h */ = {isa = PBXFileReference; lastKnownFileType = sourcecode.c.h; name = "GAIEcommerceProduct.h"; path = "cordova-plugin-analytics/GAIEcommerceProduct.h"; sourceTree = "<group>"; fileEncoding = 4; };
		006B6DB0465A42D68FA2A371 /* GAIEcommerceProductAction.h */ = {isa = PBXFileReference; lastKnownFileType = sourcecode.c.h; name = "GAIEcommerceProductAction.h"; path = "cordova-plugin-analytics/GAIEcommerceProductAction.h"; sourceTree = "<group>"; fileEncoding = 4; };
		8ABBA4FDE23C4D0E8E528918 /* GAIEcommercePromotion.h */ = {isa = PBXFileReference; lastKnownFileType = sourcecode.c.h; name = "GAIEcommercePromotion.h"; path = "cordova-plugin-analytics/GAIEcommercePromotion.h"; sourceTree = "<group>"; fileEncoding = 4; };
		418015CFBFDD48E491D30FE2 /* GAIFields.h */ = {isa = PBXFileReference; lastKnownFileType = sourcecode.c.h; name = "GAIFields.h"; path = "cordova-plugin-analytics/GAIFields.h"; sourceTree = "<group>"; fileEncoding = 4; };
		62D1F2284C2D45E69ABCAFF2 /* GAILogger.h */ = {isa = PBXFileReference; lastKnownFileType = sourcecode.c.h; name = "GAILogger.h"; path = "cordova-plugin-analytics/GAILogger.h"; sourceTree = "<group>"; fileEncoding = 4; };
		F9FC97B819F84A78ACCC7BF1 /* GAITrackedViewController.h */ = {isa = PBXFileReference; lastKnownFileType = sourcecode.c.h; name = "GAITrackedViewController.h"; path = "cordova-plugin-analytics/GAITrackedViewController.h"; sourceTree = "<group>"; fileEncoding = 4; };
		E9DCD56A6C724AD191BC5126 /* GAITracker.h */ = {isa = PBXFileReference; lastKnownFileType = sourcecode.c.h; name = "GAITracker.h"; path = "cordova-plugin-analytics/GAITracker.h"; sourceTree = "<group>"; fileEncoding = 4; };
		A244D9FBC16449B89D4CB0FD /* SystemConfiguration.framework */ = {isa = PBXFileReference; lastKnownFileType = wrapper.framework; name = "SystemConfiguration.framework"; path = "System/Library/Frameworks/SystemConfiguration.framework"; sourceTree = SDKROOT; fileEncoding = 4; };
		51367AFC6E9E4C4CBF74EA7D /* CoreData.framework */ = {isa = PBXFileReference; lastKnownFileType = wrapper.framework; name = "CoreData.framework"; path = "System/Library/Frameworks/CoreData.framework"; sourceTree = SDKROOT; fileEncoding = 4; };
		AD5BE37ACD374D6589923AAD /* libz.dylib */ = {isa = PBXFileReference; lastKnownFileType = "compiled.mach-o.dylib"; name = "libz.dylib"; path = "usr/lib/libz.dylib"; sourceTree = SDKROOT; fileEncoding = 4; };
		A73891469FE84ED386A704F4 /* libsqlite3.0.dylib */ = {isa = PBXFileReference; lastKnownFileType = "compiled.mach-o.dylib"; name = "libsqlite3.0.dylib"; path = "usr/lib/libsqlite3.0.dylib"; sourceTree = SDKROOT; fileEncoding = 4; };
		295CA20F661D413FB8D76EAA /* UIImage+CropScaleOrientation.m */ = {isa = PBXFileReference; lastKnownFileType = sourcecode.c.objc; name = "UIImage+CropScaleOrientation.m"; path = "cordova-plugin-camera/UIImage+CropScaleOrientation.m"; sourceTree = "<group>"; fileEncoding = 4; };
		3E3EA2C5892649D0A0D04AC3 /* CDVCamera.m */ = {isa = PBXFileReference; lastKnownFileType = sourcecode.c.objc; name = "CDVCamera.m"; path = "cordova-plugin-camera/CDVCamera.m"; sourceTree = "<group>"; fileEncoding = 4; };
		833E146E903C4B75914E5CC0 /* CDVJpegHeaderWriter.m */ = {isa = PBXFileReference; lastKnownFileType = sourcecode.c.objc; name = "CDVJpegHeaderWriter.m"; path = "cordova-plugin-camera/CDVJpegHeaderWriter.m"; sourceTree = "<group>"; fileEncoding = 4; };
		116C26727A3A40E3A1B8FCA1 /* UIImage+CropScaleOrientation.h */ = {isa = PBXFileReference; lastKnownFileType = sourcecode.c.h; name = "UIImage+CropScaleOrientation.h"; path = "cordova-plugin-camera/UIImage+CropScaleOrientation.h"; sourceTree = "<group>"; fileEncoding = 4; };
		13CB37CB42464E0099DF9930 /* CDVCamera.h */ = {isa = PBXFileReference; lastKnownFileType = sourcecode.c.h; name = "CDVCamera.h"; path = "cordova-plugin-camera/CDVCamera.h"; sourceTree = "<group>"; fileEncoding = 4; };
		4DC3C8DAD2214337B3A6C8DD /* CDVJpegHeaderWriter.h */ = {isa = PBXFileReference; lastKnownFileType = sourcecode.c.h; name = "CDVJpegHeaderWriter.h"; path = "cordova-plugin-camera/CDVJpegHeaderWriter.h"; sourceTree = "<group>"; fileEncoding = 4; };
		A068E47092784583B0DB2F5B /* CDVExif.h */ = {isa = PBXFileReference; lastKnownFileType = sourcecode.c.h; name = "CDVExif.h"; path = "cordova-plugin-camera/CDVExif.h"; sourceTree = "<group>"; fileEncoding = 4; };
		82483853D05B4BC080C1E9D9 /* ImageIO.framework */ = {isa = PBXFileReference; lastKnownFileType = wrapper.framework; name = "ImageIO.framework"; path = "System/Library/Frameworks/ImageIO.framework"; sourceTree = SDKROOT; fileEncoding = 4; };
		B57BD8CF70E1426B9A009BA8 /* CoreLocation.framework */ = {isa = PBXFileReference; lastKnownFileType = wrapper.framework; name = "CoreLocation.framework"; path = "System/Library/Frameworks/CoreLocation.framework"; sourceTree = SDKROOT; fileEncoding = 4; };
		3ADB1BBA0692434288B29110 /* AVFoundation.framework */ = {isa = PBXFileReference; lastKnownFileType = wrapper.framework; name = "AVFoundation.framework"; path = "System/Library/Frameworks/AVFoundation.framework"; sourceTree = SDKROOT; fileEncoding = 4; };
		2348A7D8D0204BC2912A6709 /* CDVDevice.m */ = {isa = PBXFileReference; lastKnownFileType = sourcecode.c.objc; name = "CDVDevice.m"; path = "cordova-plugin-device/CDVDevice.m"; sourceTree = "<group>"; fileEncoding = 4; };
		C54BA301E66345BCB4A928C6 /* CDVDevice.h */ = {isa = PBXFileReference; lastKnownFileType = sourcecode.c.h; name = "CDVDevice.h"; path = "cordova-plugin-device/CDVDevice.h"; sourceTree = "<group>"; fileEncoding = 4; };
		B57DE0F938FB4F3097070EB4 /* CDVNotification.m */ = {isa = PBXFileReference; lastKnownFileType = sourcecode.c.objc; name = "CDVNotification.m"; path = "cordova-plugin-dialogs/CDVNotification.m"; sourceTree = "<group>"; fileEncoding = 4; };
		2AF444F4813F421F83F657F7 /* CDVNotification.h */ = {isa = PBXFileReference; lastKnownFileType = sourcecode.c.h; name = "CDVNotification.h"; path = "cordova-plugin-dialogs/CDVNotification.h"; sourceTree = "<group>"; fileEncoding = 4; };
		4B51E6112D614053A3CEB60D /* CDVNotification.bundle */ = {isa = PBXFileReference; lastKnownFileType = "wrapper.plug-in"; name = "CDVNotification.bundle"; path = "CDVNotification.bundle"; sourceTree = "<group>"; };
		1E39605C98AD4C629F4F152D /* AudioToolbox.framework */ = {isa = PBXFileReference; lastKnownFileType = wrapper.framework; name = "AudioToolbox.framework"; path = "System/Library/Frameworks/AudioToolbox.framework"; sourceTree = SDKROOT; fileEncoding = 4; };
		5D4665A23BD448A6A67862BA /* CDVFile.m */ = {isa = PBXFileReference; lastKnownFileType = sourcecode.c.objc; name = "CDVFile.m"; path = "cordova-plugin-file/CDVFile.m"; sourceTree = "<group>"; fileEncoding = 4; };
		15B5B6DD16FA4A1E8D6C1207 /* CDVLocalFilesystem.m */ = {isa = PBXFileReference; lastKnownFileType = sourcecode.c.objc; name = "CDVLocalFilesystem.m"; path = "cordova-plugin-file/CDVLocalFilesystem.m"; sourceTree = "<group>"; fileEncoding = 4; };
		0A4E41BAA17843ABAC8F2087 /* CDVAssetLibraryFilesystem.m */ = {isa = PBXFileReference; lastKnownFileType = sourcecode.c.objc; name = "CDVAssetLibraryFilesystem.m"; path = "cordova-plugin-file/CDVAssetLibraryFilesystem.m"; sourceTree = "<group>"; fileEncoding = 4; };
		2F33E36D1F40482AB826D3F3 /* CDVFile.h */ = {isa = PBXFileReference; lastKnownFileType = sourcecode.c.h; name = "CDVFile.h"; path = "cordova-plugin-file/CDVFile.h"; sourceTree = "<group>"; fileEncoding = 4; };
		624E4E93ABDB48B3BDD5A2A7 /* CDVLocalFilesystem.h */ = {isa = PBXFileReference; lastKnownFileType = sourcecode.c.h; name = "CDVLocalFilesystem.h"; path = "cordova-plugin-file/CDVLocalFilesystem.h"; sourceTree = "<group>"; fileEncoding = 4; };
		B360FCC3321D49D79BF45957 /* CDVAssetLibraryFilesystem.h */ = {isa = PBXFileReference; lastKnownFileType = sourcecode.c.h; name = "CDVAssetLibraryFilesystem.h"; path = "cordova-plugin-file/CDVAssetLibraryFilesystem.h"; sourceTree = "<group>"; fileEncoding = 4; };
		36005EAED1E5423C93308F47 /* CDVFileTransfer.m */ = {isa = PBXFileReference; lastKnownFileType = sourcecode.c.objc; name = "CDVFileTransfer.m"; path = "cordova-plugin-file-transfer/CDVFileTransfer.m"; sourceTree = "<group>"; fileEncoding = 4; };
		3B5255D764044FD5A2E36C5F /* CDVFileTransfer.h */ = {isa = PBXFileReference; lastKnownFileType = sourcecode.c.h; name = "CDVFileTransfer.h"; path = "cordova-plugin-file-transfer/CDVFileTransfer.h"; sourceTree = "<group>"; fileEncoding = 4; };
		B1467059C8F5429187ED3B42 /* CDVLocation.m */ = {isa = PBXFileReference; lastKnownFileType = sourcecode.c.objc; name = "CDVLocation.m"; path = "cordova-plugin-geolocation/CDVLocation.m"; sourceTree = "<group>"; fileEncoding = 4; };
		1C6873A0B84845928F393A5D /* CDVLocation.h */ = {isa = PBXFileReference; lastKnownFileType = sourcecode.c.h; name = "CDVLocation.h"; path = "cordova-plugin-geolocation/CDVLocation.h"; sourceTree = "<group>"; fileEncoding = 4; };
		6D8EF39288C949E9A19D5F80 /* CDVGlobalization.m */ = {isa = PBXFileReference; lastKnownFileType = sourcecode.c.objc; name = "CDVGlobalization.m"; path = "cordova-plugin-globalization/CDVGlobalization.m"; sourceTree = "<group>"; fileEncoding = 4; };
		85062ABAD63A41AAA6BDF132 /* CDVGlobalization.h */ = {isa = PBXFileReference; lastKnownFileType = sourcecode.c.h; name = "CDVGlobalization.h"; path = "cordova-plugin-globalization/CDVGlobalization.h"; sourceTree = "<group>"; fileEncoding = 4; };
		328DD98450884F3EBC1F8363 /* CDVInAppBrowser.m */ = {isa = PBXFileReference; lastKnownFileType = sourcecode.c.objc; name = "CDVInAppBrowser.m"; path = "cordova-plugin-inappbrowser/CDVInAppBrowser.m"; sourceTree = "<group>"; fileEncoding = 4; };
		2242FF55FEF44191B922BBEE /* CDVInAppBrowser.h */ = {isa = PBXFileReference; lastKnownFileType = sourcecode.c.h; name = "CDVInAppBrowser.h"; path = "cordova-plugin-inappbrowser/CDVInAppBrowser.h"; sourceTree = "<group>"; fileEncoding = 4; };
		2D3EE448B89945978B46B368 /* CDVSound.m */ = {isa = PBXFileReference; lastKnownFileType = sourcecode.c.objc; name = "CDVSound.m"; path = "cordova-plugin-media/CDVSound.m"; sourceTree = "<group>"; fileEncoding = 4; };
		00105A8959474BD9891FBCB4 /* CDVSound.h */ = {isa = PBXFileReference; lastKnownFileType = sourcecode.c.h; name = "CDVSound.h"; path = "cordova-plugin-media/CDVSound.h"; sourceTree = "<group>"; fileEncoding = 4; };
		D504A8A0584343569478FE86 /* CDVConnection.m */ = {isa = PBXFileReference; lastKnownFileType = sourcecode.c.objc; name = "CDVConnection.m"; path = "cordova-plugin-network-information/CDVConnection.m"; sourceTree = "<group>"; fileEncoding = 4; };
		7E895B0510764A77B6E82C2D /* CDVReachability.m */ = {isa = PBXFileReference; lastKnownFileType = sourcecode.c.objc; name = "CDVReachability.m"; path = "cordova-plugin-network-information/CDVReachability.m"; sourceTree = "<group>"; fileEncoding = 4; };
		AD09F57C72164131B81B9A22 /* CDVConnection.h */ = {isa = PBXFileReference; lastKnownFileType = sourcecode.c.h; name = "CDVConnection.h"; path = "cordova-plugin-network-information/CDVConnection.h"; sourceTree = "<group>"; fileEncoding = 4; };
		C0315F291A494D68A8208081 /* CDVReachability.h */ = {isa = PBXFileReference; lastKnownFileType = sourcecode.c.h; name = "CDVReachability.h"; path = "cordova-plugin-network-information/CDVReachability.h"; sourceTree = "<group>"; fileEncoding = 4; };
		EE0858C1949B44208A80EAC3 /* CoreTelephony.framework */ = {isa = PBXFileReference; lastKnownFileType = wrapper.framework; name = "CoreTelephony.framework"; path = "System/Library/Frameworks/CoreTelephony.framework"; sourceTree = SDKROOT; fileEncoding = 4; };
		9AAC861C23524CF8BF144A1F /* CDVSplashScreen.m */ = {isa = PBXFileReference; lastKnownFileType = sourcecode.c.objc; name = "CDVSplashScreen.m"; path = "cordova-plugin-splashscreen/CDVSplashScreen.m"; sourceTree = "<group>"; fileEncoding = 4; };
		040F59F4F2B648ACA43301AC /* CDVViewController+SplashScreen.m */ = {isa = PBXFileReference; lastKnownFileType = sourcecode.c.objc; name = "CDVViewController+SplashScreen.m"; path = "cordova-plugin-splashscreen/CDVViewController+SplashScreen.m"; sourceTree = "<group>"; fileEncoding = 4; };
		0A8921F57152431CB3EFF65F /* CDVSplashScreen.h */ = {isa = PBXFileReference; lastKnownFileType = sourcecode.c.h; name = "CDVSplashScreen.h"; path = "cordova-plugin-splashscreen/CDVSplashScreen.h"; sourceTree = "<group>"; fileEncoding = 4; };
		E9414A46DABF478F82FCB762 /* CDVViewController+SplashScreen.h */ = {isa = PBXFileReference; lastKnownFileType = sourcecode.c.h; name = "CDVViewController+SplashScreen.h"; path = "cordova-plugin-splashscreen/CDVViewController+SplashScreen.h"; sourceTree = "<group>"; fileEncoding = 4; };
		6CA9903D2AE44774A6FD1EED /* CDVVibration.m */ = {isa = PBXFileReference; lastKnownFileType = sourcecode.c.objc; name = "CDVVibration.m"; path = "cordova-plugin-vibration/CDVVibration.m"; sourceTree = "<group>"; fileEncoding = 4; };
		5AD72F68EAED4E0692BBA078 /* CDVVibration.h */ = {isa = PBXFileReference; lastKnownFileType = sourcecode.c.h; name = "CDVVibration.h"; path = "cordova-plugin-vibration/CDVVibration.h"; sourceTree = "<group>"; fileEncoding = 4; };
		4079596F5B6A47A0BFC9C52A /* OneSignal.m */ = {isa = PBXFileReference; lastKnownFileType = sourcecode.c.objc; name = "OneSignal.m"; path = "onesignal-cordova-plugin/OneSignal.m"; sourceTree = "<group>"; fileEncoding = 4; };
		4061FAF7BBC74991BFA13E63 /* OneSignalHTTPClient.m */ = {isa = PBXFileReference; lastKnownFileType = sourcecode.c.objc; name = "OneSignalHTTPClient.m"; path = "onesignal-cordova-plugin/OneSignalHTTPClient.m"; sourceTree = "<group>"; fileEncoding = 4; };
		65A3B5C531614C6ABF476577 /* OneSignalTrackIAP.m */ = {isa = PBXFileReference; lastKnownFileType = sourcecode.c.objc; name = "OneSignalTrackIAP.m"; path = "onesignal-cordova-plugin/OneSignalTrackIAP.m"; sourceTree = "<group>"; fileEncoding = 4; };
		5D6F42AE20854CE5B37ACE9F /* OneSignalJailbreakDetection.m */ = {isa = PBXFileReference; lastKnownFileType = sourcecode.c.objc; name = "OneSignalJailbreakDetection.m"; path = "onesignal-cordova-plugin/OneSignalJailbreakDetection.m"; sourceTree = "<group>"; fileEncoding = 4; };
		2B93EB7A33F2468AA035A12E /* OneSignalPush.m */ = {isa = PBXFileReference; lastKnownFileType = sourcecode.c.objc; name = "OneSignalPush.m"; path = "onesignal-cordova-plugin/OneSignalPush.m"; sourceTree = "<group>"; fileEncoding = 4; };
		27D99CE7C7B24AC09B5C09DC /* OneSignalReachability.m */ = {isa = PBXFileReference; lastKnownFileType = sourcecode.c.objc; name = "OneSignalReachability.m"; path = "onesignal-cordova-plugin/OneSignalReachability.m"; sourceTree = "<group>"; fileEncoding = 4; };
		325A84F72F8D43E6B868E3DB /* OneSignalMobileProvision.m */ = {isa = PBXFileReference; lastKnownFileType = sourcecode.c.objc; name = "OneSignalMobileProvision.m"; path = "onesignal-cordova-plugin/OneSignalMobileProvision.m"; sourceTree = "<group>"; fileEncoding = 4; };
		260DDD1402154E6E98D5FA2B /* OneSignalLocation.m */ = {isa = PBXFileReference; lastKnownFileType = sourcecode.c.objc; name = "OneSignalLocation.m"; path = "onesignal-cordova-plugin/OneSignalLocation.m"; sourceTree = "<group>"; fileEncoding = 4; };
		15E64AE726E84B1D931C3E6C /* OneSignal.h */ = {isa = PBXFileReference; lastKnownFileType = sourcecode.c.h; name = "OneSignal.h"; path = "onesignal-cordova-plugin/OneSignal.h"; sourceTree = "<group>"; fileEncoding = 4; };
		B4A2D42387E74C19AFB7A91A /* OneSignalHTTPClient.h */ = {isa = PBXFileReference; lastKnownFileType = sourcecode.c.h; name = "OneSignalHTTPClient.h"; path = "onesignal-cordova-plugin/OneSignalHTTPClient.h"; sourceTree = "<group>"; fileEncoding = 4; };
		DEF4CC101ADC44808AFA57A3 /* OneSignalTrackIAP.h */ = {isa = PBXFileReference; lastKnownFileType = sourcecode.c.h; name = "OneSignalTrackIAP.h"; path = "onesignal-cordova-plugin/OneSignalTrackIAP.h"; sourceTree = "<group>"; fileEncoding = 4; };
		21E6F2AD37384F4B90866D96 /* OneSignalJailbreakDetection.h */ = {isa = PBXFileReference; lastKnownFileType = sourcecode.c.h; name = "OneSignalJailbreakDetection.h"; path = "onesignal-cordova-plugin/OneSignalJailbreakDetection.h"; sourceTree = "<group>"; fileEncoding = 4; };
		645D4C2E434249548C707546 /* OneSignalPush.h */ = {isa = PBXFileReference; lastKnownFileType = sourcecode.c.h; name = "OneSignalPush.h"; path = "onesignal-cordova-plugin/OneSignalPush.h"; sourceTree = "<group>"; fileEncoding = 4; };
		827AFB8B478B4CBD8B55038F /* OneSignalReachability.h */ = {isa = PBXFileReference; lastKnownFileType = sourcecode.c.h; name = "OneSignalReachability.h"; path = "onesignal-cordova-plugin/OneSignalReachability.h"; sourceTree = "<group>"; fileEncoding = 4; };
		1265659224DB49269D274F55 /* OneSignalMobileProvision.h */ = {isa = PBXFileReference; lastKnownFileType = sourcecode.c.h; name = "OneSignalMobileProvision.h"; path = "onesignal-cordova-plugin/OneSignalMobileProvision.h"; sourceTree = "<group>"; fileEncoding = 4; };
		79597CCD461747F295ED2FE3 /* OneSignalLocation.h */ = {isa = PBXFileReference; lastKnownFileType = sourcecode.c.h; name = "OneSignalLocation.h"; path = "onesignal-cordova-plugin/OneSignalLocation.h"; sourceTree = "<group>"; fileEncoding = 4; };
/* End PBXFileReference section */

/* Begin PBXFrameworksBuildPhase section */
		1D60588F0D05DD3D006BFB54 /* Frameworks */ = {
			isa = PBXFrameworksBuildPhase;
			buildActionMask = 2147483647;
			files = (
				5B1594DD16A7569C00FEF299 /* AssetsLibrary.framework in Frameworks */,
				301BF552109A68D80062928A /* libCordova.a in Frameworks */,
				288765FD0DF74451002DB57D /* CoreGraphics.framework in Frameworks */,
				305D5FD1115AB8F900A74A75 /* MobileCoreServices.framework in Frameworks */,
				E398F0C2D4AB42028B79C620 /* libGoogleAnalyticsServices.a in Frameworks */,
				B018BA81BAC542519F8AC404 /* SystemConfiguration.framework in Frameworks */,
				AC477F27D3C44407804DB6DF /* CoreData.framework in Frameworks */,
				70F264DAF2FC48A0A618255B /* libz.dylib in Frameworks */,
				7673D04D8B1846138EE48955 /* libsqlite3.0.dylib in Frameworks */,
				9EA8B4567C814EEC832C3E14 /* ImageIO.framework in Frameworks */,
				69C5902A83FF4CBD874BA589 /* CoreLocation.framework in Frameworks */,
				1D9FFBA6CC78465EA3729DF4 /* AVFoundation.framework in Frameworks */,
				09B0E0D70C354B7BB2B14445 /* AudioToolbox.framework in Frameworks */,
				4227F962F59645D287D8D254 /* CoreTelephony.framework in Frameworks */,
			);
			runOnlyForDeploymentPostprocessing = 0;
		};
/* End PBXFrameworksBuildPhase section */

/* Begin PBXGroup section */
		080E96DDFE201D6D7F000001 /* Classes */ = {
			isa = PBXGroup;
			children = (
				302D95EE14D2391D003F00A1 /* MainViewController.h */,
				302D95EF14D2391D003F00A1 /* MainViewController.m */,
				302D95F014D2391D003F00A1 /* MainViewController.xib */,
				1D3623240D0F684500981E51 /* AppDelegate.h */,
				1D3623250D0F684500981E51 /* AppDelegate.m */,
			);
			name = Classes;
			path = "WtDesk/Classes";
			sourceTree = SOURCE_ROOT;
		};
		19C28FACFE9D520D11CA2CBB /* Products */ = {
			isa = PBXGroup;
			children = (
				1D6058910D05DD3D006BFB54 /* WtDesk.app */,
			);
			name = Products;
			sourceTree = "<group>";
		};
		29B97314FDCFA39411CA2CEA /* CustomTemplate */ = {
			isa = PBXGroup;
			children = (
				EB87FDF41871DAF40020F90C /* config.xml */,
				EB87FDF31871DA8E0020F90C /* www */,
				EB87FDF21871DA7A0020F90C /* merges */,
				EB87FDF11871DA420020F90C /* Staging */,
				301BF52D109A57CC0062928A /* CordovaLib.xcodeproj */,
				080E96DDFE201D6D7F000001 /* Classes */,
				307C750510C5A3420062BCA9 /* Plugins */,
				29B97315FDCFA39411CA2CEA /* Other Sources */,
				29B97317FDCFA39411CA2CEA /* Resources */,
				29B97323FDCFA39411CA2CEA /* Frameworks */,
				19C28FACFE9D520D11CA2CBB /* Products */,
			);
			name = CustomTemplate;
			sourceTree = "<group>";
		};
		29B97315FDCFA39411CA2CEA /* Other Sources */ = {
			isa = PBXGroup;
			children = (
				32CA4F630368D1EE00C91783 /* WtDesk-Prefix.pch */,
				29B97316FDCFA39411CA2CEA /* main.m */,
			);
			name = "Other Sources";
			path = "WtDesk";
			sourceTree = "<group>";
		};
		29B97317FDCFA39411CA2CEA /* Resources */ = {
			isa = PBXGroup;
			children = (
				308D052D1370CCF300D202BF /* icons */,
				308D05311370CCF300D202BF /* splash */,
				8D1107310486CEB800E47090 /* WtDesk-Info.plist */,
				4B51E6112D614053A3CEB60D /* CDVNotification.bundle */,
			);
			name = Resources;
			path = "WtDesk/Resources";
			sourceTree = "<group>";
		};
		29B97323FDCFA39411CA2CEA /* Frameworks */ = {
			isa = PBXGroup;
			children = (
				5B1594DC16A7569C00FEF299 /* AssetsLibrary.framework */,
				288765FC0DF74451002DB57D /* CoreGraphics.framework */,
				305D5FD0115AB8F900A74A75 /* MobileCoreServices.framework */,
				F71049BDD17E4CEE86D53ACD /* libGoogleAnalyticsServices.a */,
				A244D9FBC16449B89D4CB0FD /* SystemConfiguration.framework */,
				51367AFC6E9E4C4CBF74EA7D /* CoreData.framework */,
				AD5BE37ACD374D6589923AAD /* libz.dylib */,
				A73891469FE84ED386A704F4 /* libsqlite3.0.dylib */,
				82483853D05B4BC080C1E9D9 /* ImageIO.framework */,
				B57BD8CF70E1426B9A009BA8 /* CoreLocation.framework */,
				3ADB1BBA0692434288B29110 /* AVFoundation.framework */,
				1E39605C98AD4C629F4F152D /* AudioToolbox.framework */,
				EE0858C1949B44208A80EAC3 /* CoreTelephony.framework */,
			);
			name = Frameworks;
			sourceTree = "<group>";
		};
		301BF52E109A57CC0062928A /* Products */ = {
			isa = PBXGroup;
			children = (
				301BF535109A57CC0062928A /* libCordova.a */,
			);
			name = Products;
			sourceTree = "<group>";
		};
		307C750510C5A3420062BCA9 /* Plugins */ = {
			isa = PBXGroup;
			children = (
				391B0C9E78DB4903AB6FFA6F /* CDVGoogleAnalytics.m */,
				C11E8BF025D142E79843C5D2 /* CDVGoogleAnalytics.h */,
				8780E2D1F43A4E88A982E969 /* GAI.h */,
				3EDD120F25AD462397546CAD /* GAIDictionaryBuilder.h */,
				9A543D23B5B048DE9AD07A44 /* GAIEcommerceFields.h */,
				B4CFB23EC5B840EA8E9CBC46 /* GAIEcommerceProduct.h */,
				006B6DB0465A42D68FA2A371 /* GAIEcommerceProductAction.h */,
				8ABBA4FDE23C4D0E8E528918 /* GAIEcommercePromotion.h */,
				418015CFBFDD48E491D30FE2 /* GAIFields.h */,
				62D1F2284C2D45E69ABCAFF2 /* GAILogger.h */,
				F9FC97B819F84A78ACCC7BF1 /* GAITrackedViewController.h */,
				E9DCD56A6C724AD191BC5126 /* GAITracker.h */,
				295CA20F661D413FB8D76EAA /* UIImage+CropScaleOrientation.m */,
				3E3EA2C5892649D0A0D04AC3 /* CDVCamera.m */,
				833E146E903C4B75914E5CC0 /* CDVJpegHeaderWriter.m */,
				116C26727A3A40E3A1B8FCA1 /* UIImage+CropScaleOrientation.h */,
				13CB37CB42464E0099DF9930 /* CDVCamera.h */,
				4DC3C8DAD2214337B3A6C8DD /* CDVJpegHeaderWriter.h */,
				A068E47092784583B0DB2F5B /* CDVExif.h */,
				2348A7D8D0204BC2912A6709 /* CDVDevice.m */,
				C54BA301E66345BCB4A928C6 /* CDVDevice.h */,
				B57DE0F938FB4F3097070EB4 /* CDVNotification.m */,
				2AF444F4813F421F83F657F7 /* CDVNotification.h */,
				5D4665A23BD448A6A67862BA /* CDVFile.m */,
				15B5B6DD16FA4A1E8D6C1207 /* CDVLocalFilesystem.m */,
				0A4E41BAA17843ABAC8F2087 /* CDVAssetLibraryFilesystem.m */,
				2F33E36D1F40482AB826D3F3 /* CDVFile.h */,
				624E4E93ABDB48B3BDD5A2A7 /* CDVLocalFilesystem.h */,
				B360FCC3321D49D79BF45957 /* CDVAssetLibraryFilesystem.h */,
				36005EAED1E5423C93308F47 /* CDVFileTransfer.m */,
				3B5255D764044FD5A2E36C5F /* CDVFileTransfer.h */,
				B1467059C8F5429187ED3B42 /* CDVLocation.m */,
				1C6873A0B84845928F393A5D /* CDVLocation.h */,
				6D8EF39288C949E9A19D5F80 /* CDVGlobalization.m */,
				85062ABAD63A41AAA6BDF132 /* CDVGlobalization.h */,
				328DD98450884F3EBC1F8363 /* CDVInAppBrowser.m */,
				2242FF55FEF44191B922BBEE /* CDVInAppBrowser.h */,
				2D3EE448B89945978B46B368 /* CDVSound.m */,
				00105A8959474BD9891FBCB4 /* CDVSound.h */,
				D504A8A0584343569478FE86 /* CDVConnection.m */,
				7E895B0510764A77B6E82C2D /* CDVReachability.m */,
				AD09F57C72164131B81B9A22 /* CDVConnection.h */,
				C0315F291A494D68A8208081 /* CDVReachability.h */,
				9AAC861C23524CF8BF144A1F /* CDVSplashScreen.m */,
				040F59F4F2B648ACA43301AC /* CDVViewController+SplashScreen.m */,
				0A8921F57152431CB3EFF65F /* CDVSplashScreen.h */,
				E9414A46DABF478F82FCB762 /* CDVViewController+SplashScreen.h */,
				6CA9903D2AE44774A6FD1EED /* CDVVibration.m */,
				5AD72F68EAED4E0692BBA078 /* CDVVibration.h */,
				4079596F5B6A47A0BFC9C52A /* OneSignal.m */,
				4061FAF7BBC74991BFA13E63 /* OneSignalHTTPClient.m */,
				65A3B5C531614C6ABF476577 /* OneSignalTrackIAP.m */,
				5D6F42AE20854CE5B37ACE9F /* OneSignalJailbreakDetection.m */,
				2B93EB7A33F2468AA035A12E /* OneSignalPush.m */,
				27D99CE7C7B24AC09B5C09DC /* OneSignalReachability.m */,
				325A84F72F8D43E6B868E3DB /* OneSignalMobileProvision.m */,
				260DDD1402154E6E98D5FA2B /* OneSignalLocation.m */,
				15E64AE726E84B1D931C3E6C /* OneSignal.h */,
				B4A2D42387E74C19AFB7A91A /* OneSignalHTTPClient.h */,
				DEF4CC101ADC44808AFA57A3 /* OneSignalTrackIAP.h */,
				21E6F2AD37384F4B90866D96 /* OneSignalJailbreakDetection.h */,
				645D4C2E434249548C707546 /* OneSignalPush.h */,
				827AFB8B478B4CBD8B55038F /* OneSignalReachability.h */,
				1265659224DB49269D274F55 /* OneSignalMobileProvision.h */,
				79597CCD461747F295ED2FE3 /* OneSignalLocation.h */,
			);
			name = Plugins;
			path = "WtDesk/Plugins";
			sourceTree = SOURCE_ROOT;
		};
		308D052D1370CCF300D202BF /* icons */ = {
			isa = PBXGroup;
			children = (
				30C1856519D5FC0A00212699 /* icon-60@3x.png */,
				7E7966D41810823500FA85AD /* icon-40.png */,
				7E7966D51810823500FA85AD /* icon-40@2x.png */,
				7E7966D61810823500FA85AD /* icon-50.png */,
				7E7966D71810823500FA85AD /* icon-50@2x.png */,
				7E7966D81810823500FA85AD /* icon-60.png */,
				7E7966D91810823500FA85AD /* icon-60@2x.png */,
				7E7966DA1810823500FA85AD /* icon-76.png */,
				7E7966DB1810823500FA85AD /* icon-76@2x.png */,
				7E7966DC1810823500FA85AD /* icon-small.png */,
				7E7966DD1810823500FA85AD /* icon-small@2x.png */,
				30FC414816E50CA1004E6F35 /* icon-72@2x.png */,
				308D052E1370CCF300D202BF /* icon-72.png */,
				308D052F1370CCF300D202BF /* icon.png */,
				308D05301370CCF300D202BF /* icon@2x.png */,
			);
			path = icons;
			sourceTree = "<group>";
		};
		308D05311370CCF300D202BF /* splash */ = {
			isa = PBXGroup;
			children = (
				30B4F2FD19D5E07200D9F7D8 /* Default-667h.png */,
				30B4F2FE19D5E07200D9F7D8 /* Default-736h.png */,
				30B4F2FF19D5E07200D9F7D8 /* Default-Landscape-736h.png */,
				D4A0D8751607E02300AEF8BB /* Default-568h@2x~iphone.png */,
				3088BBB7154F3926009F9C59 /* Default-Landscape@2x~ipad.png */,
				3088BBB8154F3926009F9C59 /* Default-Landscape~ipad.png */,
				3088BBB9154F3926009F9C59 /* Default-Portrait@2x~ipad.png */,
				3088BBBA154F3926009F9C59 /* Default-Portrait~ipad.png */,
				3088BBBB154F3926009F9C59 /* Default@2x~iphone.png */,
				3088BBBC154F3926009F9C59 /* Default~iphone.png */,
			);
			path = splash;
			sourceTree = "<group>";
		};
		EB87FDF11871DA420020F90C /* Staging */ = {
			isa = PBXGroup;
			children = (
				F840E1F0165FE0F500CFE078 /* config.xml */,
				301BF56E109A69640062928A /* www */,
			);
			name = Staging;
			sourceTree = "<group>";
		};
/* End PBXGroup section */

/* Begin PBXNativeTarget section */
		1D6058900D05DD3D006BFB54 /* WtDesk */ = {
			isa = PBXNativeTarget;
			buildConfigurationList = 1D6058960D05DD3E006BFB54 /* Build configuration list for PBXNativeTarget "WtDesk" */;
			buildPhases = (
				304B58A110DAC018002A0835 /* Copy www directory */,
				1D60588D0D05DD3D006BFB54 /* Resources */,
				1D60588E0D05DD3D006BFB54 /* Sources */,
				1D60588F0D05DD3D006BFB54 /* Frameworks */,
			);
			buildRules = (
			);
			dependencies = (
				301BF551109A68C00062928A /* PBXTargetDependency */,
			);
			name = "WtDesk";
			productName = "WtDesk";
			productReference = 1D6058910D05DD3D006BFB54 /* WtDesk.app */;
			productType = "com.apple.product-type.application";
		};
/* End PBXNativeTarget section */

/* Begin PBXProject section */
		29B97313FDCFA39411CA2CEA /* Project object */ = {
			isa = PBXProject;
			attributes = {
				LastUpgradeCheck = 510;
			};
			buildConfigurationList = C01FCF4E08A954540054247B /* Build configuration list for PBXProject "__CLI__" */;
			compatibilityVersion = "Xcode 3.2";
			developmentRegion = English;
			hasScannedForEncodings = 1;
			knownRegions = (
				English,
				Japanese,
				French,
				German,
				en,
				es,
				de,
				se,
			);
			mainGroup = 29B97314FDCFA39411CA2CEA /* CustomTemplate */;
			projectDirPath = "";
			projectReferences = (
				{
					ProductGroup = 301BF52E109A57CC0062928A /* Products */;
					ProjectRef = 301BF52D109A57CC0062928A /* CordovaLib.xcodeproj */;
				},
			);
			projectRoot = "";
			targets = (
				1D6058900D05DD3D006BFB54 /* WtDesk */,
			);
		};
/* End PBXProject section */

/* Begin PBXReferenceProxy section */
		301BF535109A57CC0062928A /* libCordova.a */ = {
			isa = PBXReferenceProxy;
			fileType = archive.ar;
			path = libCordova.a;
			remoteRef = 301BF534109A57CC0062928A /* PBXContainerItemProxy */;
			sourceTree = BUILT_PRODUCTS_DIR;
		};
/* End PBXReferenceProxy section */

/* Begin PBXResourcesBuildPhase section */
		1D60588D0D05DD3D006BFB54 /* Resources */ = {
			isa = PBXResourcesBuildPhase;
			buildActionMask = 2147483647;
			files = (
				7E7966E41810823500FA85AD /* icon-76.png in Resources */,
				7E7966DF1810823500FA85AD /* icon-40@2x.png in Resources */,
				308D05371370CCF300D202BF /* icon-72.png in Resources */,
				30B4F30119D5E07200D9F7D8 /* Default-736h.png in Resources */,
				308D05381370CCF300D202BF /* icon.png in Resources */,
				308D05391370CCF300D202BF /* icon@2x.png in Resources */,
				302D95F214D2391D003F00A1 /* MainViewController.xib in Resources */,
				7E7966E01810823500FA85AD /* icon-50.png in Resources */,
				7E7966E31810823500FA85AD /* icon-60@2x.png in Resources */,
				7E7966E61810823500FA85AD /* icon-small.png in Resources */,
				3088BBBD154F3926009F9C59 /* Default-Landscape@2x~ipad.png in Resources */,
				3088BBBE154F3926009F9C59 /* Default-Landscape~ipad.png in Resources */,
				3088BBBF154F3926009F9C59 /* Default-Portrait@2x~ipad.png in Resources */,
				7E7966E71810823500FA85AD /* icon-small@2x.png in Resources */,
				3088BBC0154F3926009F9C59 /* Default-Portrait~ipad.png in Resources */,
				30B4F30019D5E07200D9F7D8 /* Default-667h.png in Resources */,
				7E7966DE1810823500FA85AD /* icon-40.png in Resources */,
				3088BBC1154F3926009F9C59 /* Default@2x~iphone.png in Resources */,
				7E7966E21810823500FA85AD /* icon-60.png in Resources */,
				3088BBC2154F3926009F9C59 /* Default~iphone.png in Resources */,
				D4A0D8761607E02300AEF8BB /* Default-568h@2x~iphone.png in Resources */,
				30B4F30219D5E07200D9F7D8 /* Default-Landscape-736h.png in Resources */,
				30C1856619D5FC0A00212699 /* icon-60@3x.png in Resources */,
				7E7966E11810823500FA85AD /* icon-50@2x.png in Resources */,
				7E7966E51810823500FA85AD /* icon-76@2x.png in Resources */,
				30FC414916E50CA1004E6F35 /* icon-72@2x.png in Resources */,
				8B6A0680C62345AE950E772E /* CDVNotification.bundle in Resources */,
			);
			runOnlyForDeploymentPostprocessing = 0;
		};
/* End PBXResourcesBuildPhase section */

/* Begin PBXShellScriptBuildPhase section */
		304B58A110DAC018002A0835 /* Copy www directory */ = {
			isa = PBXShellScriptBuildPhase;
			buildActionMask = 2147483647;
			files = (
			);
			inputPaths = (
			);
			name = "Copy www directory";
			outputPaths = (
			);
			runOnlyForDeploymentPostprocessing = 0;
			shellPath = /bin/sh;
			shellScript = "cordova/lib/copy-www-build-step.sh";
			showEnvVarsInLog = 0;
		};
/* End PBXShellScriptBuildPhase section */

/* Begin PBXSourcesBuildPhase section */
		1D60588E0D05DD3D006BFB54 /* Sources */ = {
			isa = PBXSourcesBuildPhase;
			buildActionMask = 2147483647;
			files = (
				1D60589B0D05DD56006BFB54 /* main.m in Sources */,
				1D3623260D0F684500981E51 /* AppDelegate.m in Sources */,
				302D95F114D2391D003F00A1 /* MainViewController.m in Sources */,
				2CCEEB2CA97447EBA19090CA /* CDVGoogleAnalytics.m in Sources */,
				EF9379E785B84D9A92ABC430 /* UIImage+CropScaleOrientation.m in Sources */,
				40846B27E70D4FD48FDB827B /* CDVCamera.m in Sources */,
				FD1667EF182C41678D46DE3D /* CDVJpegHeaderWriter.m in Sources */,
				A157076AACBB465DAC594249 /* CDVDevice.m in Sources */,
				7DF9470EC9D24B1C92EAD53B /* CDVNotification.m in Sources */,
				977E4C2F26414BDA9B82D2F0 /* CDVFile.m in Sources */,
				295CC7B32F494AD082A704DC /* CDVLocalFilesystem.m in Sources */,
				6199A89B352F49BE92D2A9AE /* CDVAssetLibraryFilesystem.m in Sources */,
				754F0C8CD56A413D956CB3B8 /* CDVFileTransfer.m in Sources */,
				C5C8BA2B63EA4632B36B53FE /* CDVLocation.m in Sources */,
				D39D9E599D834FB2B38B57D8 /* CDVGlobalization.m in Sources */,
				3DCBAAFFC7694EA48CFA2845 /* CDVInAppBrowser.m in Sources */,
				640BD2A42E40487E9649BDBC /* CDVSound.m in Sources */,
				02AA5A93F09E498E973BF5D3 /* CDVConnection.m in Sources */,
				05D617AF782F41CA93911F06 /* CDVReachability.m in Sources */,
				2DE8AC1A636D4C90A72A8FA9 /* CDVSplashScreen.m in Sources */,
				0FECFB9D3DD94E618F52D1DA /* CDVViewController+SplashScreen.m in Sources */,
				A13875F6C99340E4A0E0907C /* CDVVibration.m in Sources */,
				B2B87076F4224BC0A600ACAA /* OneSignal.m in Sources */,
				A6C7F5C34EFF4683AC7D281F /* OneSignalHTTPClient.m in Sources */,
				55C6366D93B54CFEA42AC8EA /* OneSignalTrackIAP.m in Sources */,
				B73B6B4C0128403697A59A63 /* OneSignalJailbreakDetection.m in Sources */,
				E684D1FF52F745CEBC343F3A /* OneSignalPush.m in Sources */,
				C067709BA82D44E392F58C06 /* OneSignalReachability.m in Sources */,
				54B68B5D226540109F187D2B /* OneSignalMobileProvision.m in Sources */,
				E40B216FFC264AF78DC3B360 /* OneSignalLocation.m in Sources */,
			);
			runOnlyForDeploymentPostprocessing = 0;
		};
/* End PBXSourcesBuildPhase section */

/* Begin PBXTargetDependency section */
		301BF551109A68C00062928A /* PBXTargetDependency */ = {
			isa = PBXTargetDependency;
			name = CordovaLib;
			targetProxy = 301BF550109A68C00062928A /* PBXContainerItemProxy */;
		};
/* End PBXTargetDependency section */

/* Begin XCBuildConfiguration section */
		1D6058940D05DD3E006BFB54 /* Debug */ = {
			isa = XCBuildConfiguration;
			buildSettings = {
				ALWAYS_SEARCH_USER_PATHS = NO;
				CLANG_ENABLE_OBJC_ARC = YES;
				COPY_PHASE_STRIP = NO;
				GCC_DYNAMIC_NO_PIC = NO;
				GCC_OPTIMIZATION_LEVEL = 0;
				GCC_PRECOMPILE_PREFIX_HEADER = YES;
				GCC_PREFIX_HEADER = "WtDesk/WtDesk-Prefix.pch";
				GCC_THUMB_SUPPORT = NO;
				GCC_VERSION = "";
				INFOPLIST_FILE = "WtDesk/WtDesk-Info.plist";
				IPHONEOS_DEPLOYMENT_TARGET = 6.0;
				OTHER_LDFLAGS = (
					"-weak_framework",
					CoreFoundation,
					"-weak_framework",
					UIKit,
					"-weak_framework",
					AVFoundation,
					"-weak_framework",
					CoreMedia,
					"-weak-lSystem",
					"-ObjC",
				);
				PRODUCT_NAME = "WtDesk";
				TARGETED_DEVICE_FAMILY = "1,2";
				LIBRARY_SEARCH_PATHS = (
					"$(inherited)",
					"\"$(SRCROOT)/WtDesk/Plugins/cordova-plugin-analytics\"",
				);
			};
			name = Debug;
		};
		1D6058950D05DD3E006BFB54 /* Release */ = {
			isa = XCBuildConfiguration;
			buildSettings = {
				ALWAYS_SEARCH_USER_PATHS = NO;
				CLANG_ENABLE_OBJC_ARC = YES;
				COPY_PHASE_STRIP = YES;
				GCC_PRECOMPILE_PREFIX_HEADER = YES;
				GCC_PREFIX_HEADER = "WtDesk/WtDesk-Prefix.pch";
				GCC_THUMB_SUPPORT = NO;
				GCC_VERSION = "";
				INFOPLIST_FILE = "WtDesk/WtDesk-Info.plist";
				IPHONEOS_DEPLOYMENT_TARGET = 6.0;
				OTHER_LDFLAGS = (
					"-weak_framework",
					CoreFoundation,
					"-weak_framework",
					UIKit,
					"-weak_framework",
					AVFoundation,
					"-weak_framework",
					CoreMedia,
					"-weak-lSystem",
					"-ObjC",
				);
				PRODUCT_NAME = "WtDesk";
				TARGETED_DEVICE_FAMILY = "1,2";
				LIBRARY_SEARCH_PATHS = (
					"$(inherited)",
					"\"$(SRCROOT)/WtDesk/Plugins/cordova-plugin-analytics\"",
				);
			};
			name = Release;
		};
		C01FCF4F08A954540054247B /* Debug */ = {
			isa = XCBuildConfiguration;
			buildSettings = {
				CLANG_ENABLE_OBJC_ARC = YES;
				CLANG_WARN_BOOL_CONVERSION = YES;
				CLANG_WARN_CONSTANT_CONVERSION = YES;
				CLANG_WARN_EMPTY_BODY = YES;
				CLANG_WARN_ENUM_CONVERSION = YES;
				CLANG_WARN_INT_CONVERSION = YES;
				CLANG_WARN__DUPLICATE_METHOD_MATCH = YES;
				"CODE_SIGN_IDENTITY[sdk=iphoneos*]" = "iPhone Developer";
				GCC_C_LANGUAGE_STANDARD = c99;
				GCC_THUMB_SUPPORT = NO;
				GCC_VERSION = "";
				GCC_WARN_ABOUT_RETURN_TYPE = YES;
				GCC_WARN_UNDECLARED_SELECTOR = YES;
				GCC_WARN_UNINITIALIZED_AUTOS = YES;
				GCC_WARN_UNUSED_FUNCTION = YES;
				GCC_WARN_UNUSED_VARIABLE = YES;
				HEADER_SEARCH_PATHS = (
					"\"$(TARGET_BUILD_DIR)/usr/local/lib/include\"",
					"\"$(OBJROOT)/UninstalledProducts/include\"",
					"\"$(BUILT_PRODUCTS_DIR)\"",
				);
				IPHONEOS_DEPLOYMENT_TARGET = 6.0;
				ONLY_ACTIVE_ARCH = YES;
				OTHER_LDFLAGS = (
					"-weak_framework",
					CoreFoundation,
					"-weak_framework",
					UIKit,
					"-weak_framework",
					AVFoundation,
					"-weak_framework",
					CoreMedia,
					"-weak-lSystem",
					"-ObjC",
				);
				SDKROOT = iphoneos;
				SKIP_INSTALL = NO;
				USER_HEADER_SEARCH_PATHS = "";
			};
			name = Debug;
		};
		C01FCF5008A954540054247B /* Release */ = {
			isa = XCBuildConfiguration;
			buildSettings = {
				CLANG_ENABLE_OBJC_ARC = YES;
				CLANG_WARN_BOOL_CONVERSION = YES;
				CLANG_WARN_CONSTANT_CONVERSION = YES;
				CLANG_WARN_EMPTY_BODY = YES;
				CLANG_WARN_ENUM_CONVERSION = YES;
				CLANG_WARN_INT_CONVERSION = YES;
				CLANG_WARN__DUPLICATE_METHOD_MATCH = YES;
				"CODE_SIGN_IDENTITY[sdk=iphoneos*]" = "iPhone Developer";
				GCC_C_LANGUAGE_STANDARD = c99;
				GCC_THUMB_SUPPORT = NO;
				GCC_VERSION = "";
				GCC_WARN_ABOUT_RETURN_TYPE = YES;
				GCC_WARN_UNDECLARED_SELECTOR = YES;
				GCC_WARN_UNINITIALIZED_AUTOS = YES;
				GCC_WARN_UNUSED_FUNCTION = YES;
				GCC_WARN_UNUSED_VARIABLE = YES;
				HEADER_SEARCH_PATHS = (
					"\"$(TARGET_BUILD_DIR)/usr/local/lib/include\"",
					"\"$(OBJROOT)/UninstalledProducts/include\"",
					"\"$(BUILT_PRODUCTS_DIR)\"",
				);
				IPHONEOS_DEPLOYMENT_TARGET = 6.0;
				OTHER_LDFLAGS = (
					"-weak_framework",
					CoreFoundation,
					"-weak_framework",
					UIKit,
					"-weak_framework",
					AVFoundation,
					"-weak_framework",
					CoreMedia,
					"-weak-lSystem",
					"-ObjC",
				);
				SDKROOT = iphoneos;
				SKIP_INSTALL = NO;
				USER_HEADER_SEARCH_PATHS = "";
			};
			name = Release;
		};
/* End XCBuildConfiguration section */

/* Begin XCConfigurationList section */
		1D6058960D05DD3E006BFB54 /* Build configuration list for PBXNativeTarget "WtDesk" */ = {
			isa = XCConfigurationList;
			buildConfigurations = (
				1D6058940D05DD3E006BFB54 /* Debug */,
				1D6058950D05DD3E006BFB54 /* Release */,
			);
			defaultConfigurationIsVisible = 0;
			defaultConfigurationName = Release;
		};
		C01FCF4E08A954540054247B /* Build configuration list for PBXProject "__CLI__" */ = {
			isa = XCConfigurationList;
			buildConfigurations = (
				C01FCF4F08A954540054247B /* Debug */,
				C01FCF5008A954540054247B /* Release */,
			);
			defaultConfigurationIsVisible = 0;
			defaultConfigurationName = Release;
		};
/* End XCConfigurationList section */
	};
	rootObject = 29B97313FDCFA39411CA2CEA /* Project object */;
}
